{
  "nodes": {
    "conch": {
      "inputs": {
        "nixpkgs": [
          "nixpkgs"
        ],
        "nixpkgs-lib": "nixpkgs-lib"
      },
      "locked": {
        "lastModified": 1750176085,
        "narHash": "sha256-RbHl0PtJhsmdJXTKmp+COjqeObIkiSYsNDoQVkUif3s=",
        "owner": "mibmo",
        "repo": "conch",
        "rev": "e177a53821b5626756ece492520dc251648b9e19",
        "type": "github"
      },
      "original": {
        "owner": "mibmo",
        "ref": "modularity",
        "repo": "conch",
        "type": "github"
      }
    },
    "fenix": {
      "inputs": {
        "nixpkgs": [
          "nixpkgs"
        ],
        "rust-analyzer-src": "rust-analyzer-src"
      },
      "locked": {
        "lastModified": 1750142293,
        "narHash": "sha256-D2IwLkYYgsaXu8asJdGoNGhYkRgmW7fvxi4BmVUrkys=",
        "owner": "nix-community",
        "repo": "fenix",
        "rev": "a266cb2d1beda20f750fc8e484e57224c8671926",
        "type": "github"
      },
      "original": {
        "owner": "nix-community",
        "repo": "fenix",
        "type": "github"
      }
    },
    "nixpkgs": {
      "locked": {
        "lastModified": 1749903597,
        "narHash": "sha256-jp0D4vzBcRKwNZwfY4BcWHemLGUs4JrS3X9w5k/JYDA=",
        "owner": "nixos",
        "repo": "nixpkgs",
        "rev": "41da1e3ea8e23e094e5e3eeb1e6b830468a7399e",
        "type": "github"
      },
      "original": {
        "owner": "nixos",
        "ref": "nixpkgs-unstable",
        "repo": "nixpkgs",
        "type": "github"
      }
    },
    "nixpkgs-lib": {
      "locked": {
        "dir": "lib",
        "lastModified": 1745998881,
        "narHash": "sha256-vonyYAKJSlsX4n9GCsS0pHxR6yCrfqBIuGvANlkwG6U=",
        "owner": "nixos",
        "repo": "nixpkgs",
        "rev": "423d2df5b04b4ee7688c3d71396e872afa236a89",
        "type": "github"
      },
      "original": {
        "dir": "lib",
        "owner": "nixos",
        "ref": "nixpkgs-unstable",
        "repo": "nixpkgs",
        "type": "github"
      }
    },
    "root": {
      "inputs": {
        "conch": "conch",
        "fenix": "fenix",
        "nixpkgs": "nixpkgs"
      }
    },
    "rust-analyzer-src": {
      "flake": false,
      "locked": {
        "lastModified": 1750093996,
        "narHash": "sha256-Nw/TcDo3OgsEgyZ651iCcTILGaQRxBfCdgI9pVOD6rk=",
        "owner": "rust-lang",
        "repo": "rust-analyzer",
        "rev": "2c25e436c717d5f6b264dbb9b8f459d65384a253",
        "type": "github"
      },
      "original": {
        "owner": "rust-lang",
        "ref": "nightly",
        "repo": "rust-analyzer",
        "type": "github"
      }
    }
  },
  "root": "root",
  "version": 7
}
